
Microsoft Visual Studio Solution File, Format Version 12.00
# Visual Studio Version 17
VisualStudioVersion = 17.2.32519.379
MinimumVisualStudioVersion = 10.0.40219.1
Project("{8BC9CEB8-8B4A-11D0-8D11-00A0C91BC942}") = "Structure_basic_Pro", "Structure_basic_Pro\Structure_basic_Pro.vcxproj", "{1175FE5A-EC89-4A16-9FC0-37FB437DD18C}"
EndProject
Global
	GlobalSection(SolutionConfigurationPlatforms) = preSolution
		Debug|x64 = Debug|x64
		Debug|x86 = Debug|x86
		Release|x64 = Release|x64
		Release|x86 = Release|x86
	EndGlobalSection
	GlobalSection(ProjectConfigurationPlatforms) = postSolution
		{1175FE5A-EC89-4A16-9FC0-37FB437DD18C}.Debug|x64.ActiveCfg = Debug|x64
		{1175FE5A-EC89-4A16-9FC0-37FB437DD18C}.Debug|x64.Build.0 = Debug|x64
		{1175FE5A-EC89-4A16-9FC0-37FB437DD18C}.Debug|x86.ActiveCfg = Debug|Win32
		{1175FE5A-EC89-4A16-9FC0-37FB437DD18C}.Debug|x86.Build.0 = Debug|Win32
		{1175FE5A-EC89-4A16-9FC0-37FB437DD18C}.Release|x64.ActiveCfg = Release|x64
		{1175FE5A-EC89-4A16-9FC0-37FB437DD18C}.Release|x64.Build.0 = Release|x64
		{1175FE5A-EC89-4A16-9FC0-37FB437DD18C}.Release|x86.ActiveCfg = Release|Win32
		{1175FE5A-EC89-4A16-9FC0-37FB437DD18C}.Release|x86.Build.0 = Release|Win32
	EndGlobalSection
	GlobalSection(SolutionProperties) = preSolution
		HideSolutionNode = FALSE
	EndGlobalSection
	GlobalSection(ExtensibilityGlobals) = postSolution
		SolutionGuid = {1BC11299-F8C8-4508-8BA5-7E1FE2AFB44D}
	EndGlobalSection
EndGlobal
